
Microsoft Visual Studio Solution File, Format Version 12.00
# Visual Studio Version 17
VisualStudioVersion = 17.3.32929.385
MinimumVisualStudioVersion = 10.0.40219.1
Project("{FAE04EC0-301F-11D3-BF4B-00C04F79EFBC}") = "Game", "Game\Game.csproj", "{238F5012-AEB4-457F-BE20-3114BD2125F7}"
EndProject
Global
	GlobalSection(SolutionConfigurationPlatforms) = preSolution
		Debug|Any CPU = Debug|Any CPU
		Release|Any CPU = Release|Any CPU
	EndGlobalSection
	GlobalSection(ProjectConfigurationPlatforms) = postSolution
		{238F5012-AEB4-457F-BE20-3114BD2125F7}.Debug|Any CPU.ActiveCfg = Debug|Any CPU
		{238F5012-AEB4-457F-BE20-3114BD2125F7}.Debug|Any CPU.Build.0 = Debug|Any CPU
		{238F5012-AEB4-457F-BE20-3114BD2125F7}.Release|Any CPU.ActiveCfg = Release|Any CPU
		{238F5012-AEB4-457F-BE20-3114BD2125F7}.Release|Any CPU.Build.0 = Release|Any CPU
	EndGlobalSection
	GlobalSection(SolutionProperties) = preSolution
		HideSolutionNode = FALSE
	EndGlobalSection
	GlobalSection(ExtensibilityGlobals) = postSolution
		SolutionGuid = {CBB024F8-29B9-4657-8894-DAA2942C60FE}
	EndGlobalSection
EndGlobal
